
Microsoft Visual Studio Solution File, Format Version 12.00
# Visual Studio Version 17
VisualStudioVersion = 17.8.34330.188
MinimumVisualStudioVersion = 10.0.40219.1
Project("{9A19103F-16F7-4668-BE54-9A1E7A4F7556}") = "Lab_1", "Lab_1\Lab_1.csproj", "{771F2CF4-9545-4875-9C59-D8D65D5D59D2}"
EndProject
Project("{9A19103F-16F7-4668-BE54-9A1E7A4F7556}") = "Lab_1.DAL", "Lab_1.DAL\Lab_1.DAL.csproj", "{89D760BF-3744-4564-A95C-C3F74F069A6E}"
EndProject
Project("{FAE04EC0-301F-11D3-BF4B-00C04F79EFBC}") = "Lab_1.Tests", "Lab_1.Tests\Lab_1.Tests.csproj", "{7A89521A-813A-4F02-A8E9-23D76FE51069}"
EndProject
Global
	GlobalSection(SolutionConfigurationPlatforms) = preSolution
		Debug|Any CPU = Debug|Any CPU
		Release|Any CPU = Release|Any CPU
	EndGlobalSection
	GlobalSection(ProjectConfigurationPlatforms) = postSolution
		{771F2CF4-9545-4875-9C59-D8D65D5D59D2}.Debug|Any CPU.ActiveCfg = Debug|Any CPU
		{771F2CF4-9545-4875-9C59-D8D65D5D59D2}.Debug|Any CPU.Build.0 = Debug|Any CPU
		{771F2CF4-9545-4875-9C59-D8D65D5D59D2}.Release|Any CPU.ActiveCfg = Release|Any CPU
		{771F2CF4-9545-4875-9C59-D8D65D5D59D2}.Release|Any CPU.Build.0 = Release|Any CPU
		{89D760BF-3744-4564-A95C-C3F74F069A6E}.Debug|Any CPU.ActiveCfg = Debug|Any CPU
		{89D760BF-3744-4564-A95C-C3F74F069A6E}.Debug|Any CPU.Build.0 = Debug|Any CPU
		{89D760BF-3744-4564-A95C-C3F74F069A6E}.Release|Any CPU.ActiveCfg = Release|Any CPU
		{89D760BF-3744-4564-A95C-C3F74F069A6E}.Release|Any CPU.Build.0 = Release|Any CPU
		{7A89521A-813A-4F02-A8E9-23D76FE51069}.Debug|Any CPU.ActiveCfg = Debug|Any CPU
		{7A89521A-813A-4F02-A8E9-23D76FE51069}.Debug|Any CPU.Build.0 = Debug|Any CPU
		{7A89521A-813A-4F02-A8E9-23D76FE51069}.Release|Any CPU.ActiveCfg = Release|Any CPU
		{7A89521A-813A-4F02-A8E9-23D76FE51069}.Release|Any CPU.Build.0 = Release|Any CPU
	EndGlobalSection
	GlobalSection(SolutionProperties) = preSolution
		HideSolutionNode = FALSE
	EndGlobalSection
	GlobalSection(ExtensibilityGlobals) = postSolution
		SolutionGuid = {782CA370-F21A-4F24-A6E1-CD8ACF225409}
	EndGlobalSection
EndGlobal
