
Microsoft Visual Studio Solution File, Format Version 12.00
# Visual Studio Version 17
VisualStudioVersion = 17.8.34309.116
MinimumVisualStudioVersion = 10.0.40219.1
Project("{FAE04EC0-301F-11D3-BF4B-00C04F79EFBC}") = "Lab_1", "Lab_1.csproj", "{A8C74FA6-BB2C-40B7-A72D-B0D2D69BEA86}"
EndProject
Global
	GlobalSection(SolutionConfigurationPlatforms) = preSolution
		Debug|Any CPU = Debug|Any CPU
		Release|Any CPU = Release|Any CPU
	EndGlobalSection
	GlobalSection(ProjectConfigurationPlatforms) = postSolution
		{A8C74FA6-BB2C-40B7-A72D-B0D2D69BEA86}.Debug|Any CPU.ActiveCfg = Debug|Any CPU
		{A8C74FA6-BB2C-40B7-A72D-B0D2D69BEA86}.Debug|Any CPU.Build.0 = Debug|Any CPU
		{A8C74FA6-BB2C-40B7-A72D-B0D2D69BEA86}.Release|Any CPU.ActiveCfg = Release|Any CPU
		{A8C74FA6-BB2C-40B7-A72D-B0D2D69BEA86}.Release|Any CPU.Build.0 = Release|Any CPU
	EndGlobalSection
	GlobalSection(SolutionProperties) = preSolution
		HideSolutionNode = FALSE
	EndGlobalSection
	GlobalSection(ExtensibilityGlobals) = postSolution
		SolutionGuid = {9E6F2B0F-C1DD-46B0-8549-6898DFBF49EF}
	EndGlobalSection
EndGlobal
